
Microsoft Visual Studio Solution File, Format Version 12.00
# Visual Studio 14
VisualStudioVersion = 14.0.24720.0
MinimumVisualStudioVersion = 10.0.40219.1
Project("{2150E333-8FDC-42A3-9474-1A3956D46DE8}") = "src", "src", "{B85F5A9E-BED7-4C8B-830F-CF5446D9F0D1}"
EndProject
Project("{2150E333-8FDC-42A3-9474-1A3956D46DE8}") = "Solution Items", "Solution Items", "{D173CA60-FCE6-4544-98F7-951A4095BFE8}"
	ProjectSection(SolutionItems) = preProject
		..\.gitattributes = ..\.gitattributes
		..\.gitignore = ..\.gitignore
		global.json = global.json
	EndProjectSection
EndProject
Project("{8BB2217D-0F2D-49D1-97BC-3654ED321F3B}") = "WebApplication1", "src\WebApplication1\WebApplication1.xproj", "{C00F0395-CA7F-4A6E-B341-B5164ADC551C}"
EndProject
Project("{2150E333-8FDC-42A3-9474-1A3956D46DE8}") = "test", "test", "{9108257D-5674-4CD6-97FE-B9A969FC87F7}"
EndProject
Project("{8BB2217D-0F2D-49D1-97BC-3654ED321F3B}") = "ClassLibrary1", "test\ClassLibrary1\ClassLibrary1.xproj", "{1ED610C2-C0E3-4BC8-897E-2911BA43F25F}"
EndProject
Global
	GlobalSection(SolutionConfigurationPlatforms) = preSolution
		Debug|Any CPU = Debug|Any CPU
		Release|Any CPU = Release|Any CPU
	EndGlobalSection
	GlobalSection(ProjectConfigurationPlatforms) = postSolution
		{C00F0395-CA7F-4A6E-B341-B5164ADC551C}.Debug|Any CPU.ActiveCfg = Debug|Any CPU
		{C00F0395-CA7F-4A6E-B341-B5164ADC551C}.Debug|Any CPU.Build.0 = Debug|Any CPU
		{C00F0395-CA7F-4A6E-B341-B5164ADC551C}.Release|Any CPU.ActiveCfg = Release|Any CPU
		{C00F0395-CA7F-4A6E-B341-B5164ADC551C}.Release|Any CPU.Build.0 = Release|Any CPU
		{1ED610C2-C0E3-4BC8-897E-2911BA43F25F}.Debug|Any CPU.ActiveCfg = Debug|Any CPU
		{1ED610C2-C0E3-4BC8-897E-2911BA43F25F}.Debug|Any CPU.Build.0 = Debug|Any CPU
		{1ED610C2-C0E3-4BC8-897E-2911BA43F25F}.Release|Any CPU.ActiveCfg = Release|Any CPU
		{1ED610C2-C0E3-4BC8-897E-2911BA43F25F}.Release|Any CPU.Build.0 = Release|Any CPU
	EndGlobalSection
	GlobalSection(SolutionProperties) = preSolution
		HideSolutionNode = FALSE
	EndGlobalSection
	GlobalSection(NestedProjects) = preSolution
		{C00F0395-CA7F-4A6E-B341-B5164ADC551C} = {B85F5A9E-BED7-4C8B-830F-CF5446D9F0D1}
		{1ED610C2-C0E3-4BC8-897E-2911BA43F25F} = {9108257D-5674-4CD6-97FE-B9A969FC87F7}
	EndGlobalSection
EndGlobal
